#MicroXplorer Configuration settings - do not modify
ADC1.Channel-10\#ChannelRegularConversion=ADC_CHANNEL_4
ADC1.Channel-11\#ChannelRegularConversion=ADC_CHANNEL_8
ADC1.Channel-12\#ChannelRegularConversion=ADC_CHANNEL_9
ADC1.Channel-13\#ChannelRegularConversion=ADC_CHANNEL_16
ADC1.ClockPrescaler=ADC_CLOCK_ASYNC_DIV6
ADC1.ContinuousConvMode=ENABLE
ADC1.ConversionDataManagement=ADC_CONVERSIONDATA_DMA_CIRCULAR
ADC1.EOCSelection=ADC_EOC_SINGLE_CONV
ADC1.EnableRegularConversion=ENABLE
ADC1.IPParameters=master,ContinuousConvMode,ConversionDataManagement,Overrun,EOCSelection,EnableRegularConversion,OversamplingMode,Rank-10\#ChannelRegularConversion,Channel-10\#ChannelRegularConversion,SamplingTime-10\#ChannelRegularConversion,OffsetNumber-10\#ChannelRegularConversion,OffsetSignedSaturation-10\#ChannelRegularConversion,NbrOfConversionFlag,Rank-11\#ChannelRegularConversion,Channel-11\#ChannelRegularConversion,SamplingTime-11\#ChannelRegularConversion,OffsetNumber-11\#ChannelRegularConversion,OffsetSignedSaturation-11\#ChannelRegularConversion,Rank-12\#ChannelRegularConversion,Channel-12\#ChannelRegularConversion,SamplingTime-12\#ChannelRegularConversion,OffsetNumber-12\#ChannelRegularConversion,OffsetSignedSaturation-12\#ChannelRegularConversion,Rank-13\#ChannelRegularConversion,Channel-13\#ChannelRegularConversion,SamplingTime-13\#ChannelRegularConversion,OffsetNumber-13\#ChannelRegularConversion,OffsetSignedSaturation-13\#ChannelRegularConversion,NbrOfConversion,ClockPrescaler
ADC1.NbrOfConversion=4
ADC1.NbrOfConversionFlag=1
ADC1.OffsetNumber-10\#ChannelRegularConversion=ADC_OFFSET_NONE
ADC1.OffsetNumber-11\#ChannelRegularConversion=ADC_OFFSET_NONE
ADC1.OffsetNumber-12\#ChannelRegularConversion=ADC_OFFSET_NONE
ADC1.OffsetNumber-13\#ChannelRegularConversion=ADC_OFFSET_NONE
ADC1.OffsetSignedSaturation-10\#ChannelRegularConversion=DISABLE
ADC1.OffsetSignedSaturation-11\#ChannelRegularConversion=DISABLE
ADC1.OffsetSignedSaturation-12\#ChannelRegularConversion=DISABLE
ADC1.OffsetSignedSaturation-13\#ChannelRegularConversion=DISABLE
ADC1.Overrun=ADC_OVR_DATA_PRESERVED
ADC1.OversamplingMode=DISABLE
ADC1.Rank-10\#ChannelRegularConversion=1
ADC1.Rank-11\#ChannelRegularConversion=2
ADC1.Rank-12\#ChannelRegularConversion=3
ADC1.Rank-13\#ChannelRegularConversion=4
ADC1.SamplingTime-10\#ChannelRegularConversion=ADC_SAMPLETIME_64CYCLES_5
ADC1.SamplingTime-11\#ChannelRegularConversion=ADC_SAMPLETIME_64CYCLES_5
ADC1.SamplingTime-12\#ChannelRegularConversion=ADC_SAMPLETIME_64CYCLES_5
ADC1.SamplingTime-13\#ChannelRegularConversion=ADC_SAMPLETIME_64CYCLES_5
ADC1.master=1
ADC2.Channel-3\#ChannelRegularConversion=ADC_CHANNEL_10
ADC2.Channel-4\#ChannelRegularConversion=ADC_CHANNEL_11
ADC2.Channel-5\#ChannelRegularConversion=ADC_CHANNEL_15
ADC2.ClockPrescaler=ADC_CLOCK_ASYNC_DIV6
ADC2.ContinuousConvMode=ENABLE
ADC2.ConversionDataManagement=ADC_CONVERSIONDATA_DMA_CIRCULAR
ADC2.EOCSelection=ADC_EOC_SEQ_CONV
ADC2.IPParameters=Rank-3\#ChannelRegularConversion,Channel-3\#ChannelRegularConversion,SamplingTime-3\#ChannelRegularConversion,OffsetNumber-3\#ChannelRegularConversion,OffsetSignedSaturation-3\#ChannelRegularConversion,NbrOfConversionFlag,Rank-4\#ChannelRegularConversion,Channel-4\#ChannelRegularConversion,SamplingTime-4\#ChannelRegularConversion,OffsetNumber-4\#ChannelRegularConversion,OffsetSignedSaturation-4\#ChannelRegularConversion,Rank-5\#ChannelRegularConversion,Channel-5\#ChannelRegularConversion,SamplingTime-5\#ChannelRegularConversion,OffsetNumber-5\#ChannelRegularConversion,OffsetSignedSaturation-5\#ChannelRegularConversion,NbrOfConversion,ContinuousConvMode,ConversionDataManagement,Overrun,EOCSelection,ClockPrescaler
ADC2.NbrOfConversion=3
ADC2.NbrOfConversionFlag=1
ADC2.OffsetNumber-3\#ChannelRegularConversion=ADC_OFFSET_NONE
ADC2.OffsetNumber-4\#ChannelRegularConversion=ADC_OFFSET_NONE
ADC2.OffsetNumber-5\#ChannelRegularConversion=ADC_OFFSET_NONE
ADC2.OffsetSignedSaturation-3\#ChannelRegularConversion=DISABLE
ADC2.OffsetSignedSaturation-4\#ChannelRegularConversion=DISABLE
ADC2.OffsetSignedSaturation-5\#ChannelRegularConversion=DISABLE
ADC2.Overrun=ADC_OVR_DATA_OVERWRITTEN
ADC2.Rank-3\#ChannelRegularConversion=1
ADC2.Rank-4\#ChannelRegularConversion=2
ADC2.Rank-5\#ChannelRegularConversion=3
ADC2.SamplingTime-3\#ChannelRegularConversion=ADC_SAMPLETIME_8CYCLES_5
ADC2.SamplingTime-4\#ChannelRegularConversion=ADC_SAMPLETIME_8CYCLES_5
ADC2.SamplingTime-5\#ChannelRegularConversion=ADC_SAMPLETIME_8CYCLES_5
ADC3.Channel-4\#ChannelRegularConversion=ADC_CHANNEL_0
ADC3.Channel-6\#ChannelRegularConversion=ADC_CHANNEL_1
ADC3.ClockPrescaler=ADC_CLOCK_ASYNC_DIV6
ADC3.ContinuousConvMode=ENABLE
ADC3.ConversionDataManagement=ADC_CONVERSIONDATA_DMA_CIRCULAR
ADC3.DMAContinuousRequests=ENABLE
ADC3.EOCSelection=ADC_EOC_SEQ_CONV
ADC3.IPParameters=Rank-4\#ChannelRegularConversion,Channel-4\#ChannelRegularConversion,SamplingTime-4\#ChannelRegularConversion,OffsetNumber-4\#ChannelRegularConversion,OffsetSign-4\#ChannelRegularConversion,OffsetSaturation-4\#ChannelRegularConversion,OffsetSignedSaturation-4\#ChannelRegularConversion,NbrOfConversionFlag,NbrOfConversion,ContinuousConvMode,DMAContinuousRequests,ConversionDataManagement,EOCSelection,Overrun,Rank-6\#ChannelRegularConversion,Channel-6\#ChannelRegularConversion,SamplingTime-6\#ChannelRegularConversion,OffsetNumber-6\#ChannelRegularConversion,OffsetSign-6\#ChannelRegularConversion,OffsetSaturation-6\#ChannelRegularConversion,ClockPrescaler
ADC3.NbrOfConversion=2
ADC3.NbrOfConversionFlag=1
ADC3.OffsetNumber-4\#ChannelRegularConversion=ADC_OFFSET_NONE
ADC3.OffsetNumber-6\#ChannelRegularConversion=ADC_OFFSET_NONE
ADC3.OffsetSaturation-4\#ChannelRegularConversion=DISABLE
ADC3.OffsetSaturation-6\#ChannelRegularConversion=DISABLE
ADC3.OffsetSign-4\#ChannelRegularConversion=ADC3_OFFSET_SIGN_NEGATIVE
ADC3.OffsetSign-6\#ChannelRegularConversion=ADC3_OFFSET_SIGN_NEGATIVE
ADC3.OffsetSignedSaturation-4\#ChannelRegularConversion=DISABLE
ADC3.Overrun=ADC_OVR_DATA_PRESERVED
ADC3.Rank-4\#ChannelRegularConversion=1
ADC3.Rank-6\#ChannelRegularConversion=2
ADC3.SamplingTime-4\#ChannelRegularConversion=ADC3_SAMPLETIME_12CYCLES_5
ADC3.SamplingTime-6\#ChannelRegularConversion=ADC3_SAMPLETIME_12CYCLES_5
CORTEX_M7.CPU_ICache=Enabled
CORTEX_M7.IPParameters=CPU_ICache
DFSDM1.Filter_regChannel_FIL0=DFSDM_CHANNEL_1
DFSDM1.Filter_regChannel_FIL1=DFSDM_CHANNEL_2
DFSDM1.Filter_regChannel_FIL2=DFSDM_CHANNEL_4
DFSDM1.Filter_regChannel_FIL3=DFSDM_CHANNEL_5
DFSDM1.Fosr_FIL0=256
DFSDM1.Fosr_FIL1=256
DFSDM1.Fosr_FIL2=256
DFSDM1.Fosr_FIL3=256
DFSDM1.IPParameters=Filter_regChannel_FIL0,SincOrder_FIL0,Fosr_FIL0,Filter_regChannel_FIL1,Fosr_FIL1,SincOrder_FIL1,Filter_regChannel_FIL2,Fosr_FIL2,SincOrder_FIL2,Filter_regChannel_FIL3,SincOrder_FIL3,Fosr_FIL3,Type_spi_CH1
DFSDM1.SincOrder_FIL0=DFSDM_FILTER_FASTSINC_ORDER
DFSDM1.SincOrder_FIL1=DFSDM_FILTER_SINC3_ORDER
DFSDM1.SincOrder_FIL2=DFSDM_FILTER_SINC3_ORDER
DFSDM1.SincOrder_FIL3=DFSDM_FILTER_SINC3_ORDER
DFSDM1.Type_spi_CH1=DFSDM_CHANNEL_SPI_RISING
Dma.ADC1.1.Direction=DMA_PERIPH_TO_MEMORY
Dma.ADC1.1.EventEnable=DISABLE
Dma.ADC1.1.FIFOMode=DMA_FIFOMODE_DISABLE
Dma.ADC1.1.Instance=DMA1_Stream0
Dma.ADC1.1.MemDataAlignment=DMA_MDATAALIGN_WORD
Dma.ADC1.1.MemInc=DMA_MINC_ENABLE
Dma.ADC1.1.Mode=DMA_CIRCULAR
Dma.ADC1.1.PeriphDataAlignment=DMA_PDATAALIGN_WORD
Dma.ADC1.1.PeriphInc=DMA_PINC_DISABLE
Dma.ADC1.1.Polarity=HAL_DMAMUX_REQ_GEN_RISING
Dma.ADC1.1.Priority=DMA_PRIORITY_MEDIUM
Dma.ADC1.1.RequestNumber=1
Dma.ADC1.1.RequestParameters=Instance,Direction,PeriphInc,MemInc,PeriphDataAlignment,MemDataAlignment,Mode,Priority,FIFOMode,SignalID,Polarity,RequestNumber,SyncSignalID,SyncPolarity,SyncEnable,EventEnable,SyncRequestNumber
Dma.ADC1.1.SignalID=NONE
Dma.ADC1.1.SyncEnable=DISABLE
Dma.ADC1.1.SyncPolarity=HAL_DMAMUX_SYNC_NO_EVENT
Dma.ADC1.1.SyncRequestNumber=1
Dma.ADC1.1.SyncSignalID=NONE
Dma.ADC2.2.Direction=DMA_PERIPH_TO_MEMORY
Dma.ADC2.2.EventEnable=DISABLE
Dma.ADC2.2.FIFOMode=DMA_FIFOMODE_DISABLE
Dma.ADC2.2.Instance=DMA1_Stream1
Dma.ADC2.2.MemDataAlignment=DMA_MDATAALIGN_WORD
Dma.ADC2.2.MemInc=DMA_MINC_ENABLE
Dma.ADC2.2.Mode=DMA_CIRCULAR
Dma.ADC2.2.PeriphDataAlignment=DMA_PDATAALIGN_WORD
Dma.ADC2.2.PeriphInc=DMA_PINC_DISABLE
Dma.ADC2.2.Polarity=HAL_DMAMUX_REQ_GEN_RISING
Dma.ADC2.2.Priority=DMA_PRIORITY_MEDIUM
Dma.ADC2.2.RequestNumber=1
Dma.ADC2.2.RequestParameters=Instance,Direction,PeriphInc,MemInc,PeriphDataAlignment,MemDataAlignment,Mode,Priority,FIFOMode,SignalID,Polarity,RequestNumber,SyncSignalID,SyncPolarity,SyncEnable,EventEnable,SyncRequestNumber
Dma.ADC2.2.SignalID=NONE
Dma.ADC2.2.SyncEnable=DISABLE
Dma.ADC2.2.SyncPolarity=HAL_DMAMUX_SYNC_NO_EVENT
Dma.ADC2.2.SyncRequestNumber=1
Dma.ADC2.2.SyncSignalID=NONE
Dma.ADC3.0.Direction=DMA_PERIPH_TO_MEMORY
Dma.ADC3.0.EventEnable=DISABLE
Dma.ADC3.0.FIFOMode=DMA_FIFOMODE_ENABLE
Dma.ADC3.0.FIFOThreshold=DMA_FIFO_THRESHOLD_FULL
Dma.ADC3.0.Instance=DMA1_Stream2
Dma.ADC3.0.MemBurst=DMA_MBURST_SINGLE
Dma.ADC3.0.MemDataAlignment=DMA_MDATAALIGN_WORD
Dma.ADC3.0.MemInc=DMA_MINC_ENABLE
Dma.ADC3.0.Mode=DMA_CIRCULAR
Dma.ADC3.0.PeriphBurst=DMA_PBURST_SINGLE
Dma.ADC3.0.PeriphDataAlignment=DMA_PDATAALIGN_WORD
Dma.ADC3.0.PeriphInc=DMA_PINC_DISABLE
Dma.ADC3.0.Polarity=HAL_DMAMUX_REQ_GEN_RISING
Dma.ADC3.0.Priority=DMA_PRIORITY_MEDIUM
Dma.ADC3.0.RequestNumber=1
Dma.ADC3.0.RequestParameters=Instance,Direction,PeriphInc,MemInc,PeriphDataAlignment,MemDataAlignment,Mode,Priority,FIFOMode,FIFOThreshold,MemBurst,PeriphBurst,SignalID,Polarity,RequestNumber,SyncSignalID,SyncPolarity,SyncEnable,EventEnable,SyncRequestNumber
Dma.ADC3.0.SignalID=NONE
Dma.ADC3.0.SyncEnable=DISABLE
Dma.ADC3.0.SyncPolarity=HAL_DMAMUX_SYNC_NO_EVENT
Dma.ADC3.0.SyncRequestNumber=1
Dma.ADC3.0.SyncSignalID=NONE
Dma.Request0=ADC3
Dma.Request1=ADC1
Dma.Request2=ADC2
Dma.RequestsNb=3
File.Version=6
GPIO.groupedBy=Group By Peripherals
KeepUserPlacement=false
Mcu.Family=STM32H7
Mcu.IP0=ADC1
Mcu.IP1=ADC2
Mcu.IP10=NVIC
Mcu.IP11=RCC
Mcu.IP12=SPI2
Mcu.IP13=SPI3
Mcu.IP14=SPI4
Mcu.IP15=SPI6
Mcu.IP16=SYS
Mcu.IP17=TIM1
Mcu.IP18=TIM2
Mcu.IP19=TIM4
Mcu.IP2=ADC3
Mcu.IP20=TIM8
Mcu.IP21=USB_DEVICE
Mcu.IP22=USB_OTG_HS
Mcu.IP23=VREFBUF
Mcu.IP3=CORDIC
Mcu.IP4=CORTEX_M7
Mcu.IP5=DEBUG
Mcu.IP6=DFSDM1
Mcu.IP7=DMA
Mcu.IP8=FDCAN1
Mcu.IP9=FMAC
Mcu.IPNb=24
Mcu.Name=STM32H730VBTx
Mcu.Package=LQFP100
Mcu.Pin0=PE2
Mcu.Pin1=PE4
Mcu.Pin10=PA1
Mcu.Pin11=PA2
Mcu.Pin12=PA3
Mcu.Pin13=PA4
Mcu.Pin14=PA5
Mcu.Pin15=PA6
Mcu.Pin16=PA7
Mcu.Pin17=PC4
Mcu.Pin18=PC5
Mcu.Pin19=PB0
Mcu.Pin2=PE5
Mcu.Pin20=PB1
Mcu.Pin21=PB2
Mcu.Pin22=PE7
Mcu.Pin23=PE8
Mcu.Pin24=PE10
Mcu.Pin25=PE11
Mcu.Pin26=PE12
Mcu.Pin27=PE13
Mcu.Pin28=PB12
Mcu.Pin29=PB13
Mcu.Pin3=PE6
Mcu.Pin30=PB14
Mcu.Pin31=PB15
Mcu.Pin32=PD8
Mcu.Pin33=PD9
Mcu.Pin34=PD12
Mcu.Pin35=PD15
Mcu.Pin36=PC6
Mcu.Pin37=PC7
Mcu.Pin38=PC8
Mcu.Pin39=PC9
Mcu.Pin4=PH0-OSC_IN
Mcu.Pin40=PA8
Mcu.Pin41=PA9
Mcu.Pin42=PA10
Mcu.Pin43=PA11
Mcu.Pin44=PA12
Mcu.Pin45=PA13(JTMS/SWDIO)
Mcu.Pin46=PA14(JTCK/SWCLK)
Mcu.Pin47=PA15(JTDI)
Mcu.Pin48=PC10
Mcu.Pin49=PC11
Mcu.Pin5=PC0
Mcu.Pin50=PC12
Mcu.Pin51=PD0
Mcu.Pin52=PD1
Mcu.Pin53=PD2
Mcu.Pin54=PD3
Mcu.Pin55=VP_CORDIC_VS_CORDIC
Mcu.Pin56=VP_FMAC_VS_FMAC
Mcu.Pin57=VP_SYS_VS_Systick
Mcu.Pin58=VP_TIM1_VS_ClockSourceINT
Mcu.Pin59=VP_TIM2_VS_ClockSourceINT
Mcu.Pin6=PC1
Mcu.Pin60=VP_TIM4_VS_ClockSourceINT
Mcu.Pin61=VP_TIM8_VS_ClockSourceINT
Mcu.Pin62=VP_USB_DEVICE_VS_USB_DEVICE_CDC_HS
Mcu.Pin63=VP_VREFBUF_V_VREFBUF
Mcu.Pin7=PC2_C
Mcu.Pin8=PC3_C
Mcu.Pin9=PA0
Mcu.PinsNb=64
Mcu.ThirdPartyNb=0
Mcu.UserConstants=
Mcu.UserName=STM32H730VBTx
MxCube.Version=6.4.0
MxDb.Version=DB.6.0.40
NVIC.ADC3_IRQn=true\:0\:0\:false\:false\:true\:true\:true
NVIC.ADC_IRQn=true\:0\:0\:false\:false\:true\:true\:true
NVIC.BusFault_IRQn=true\:0\:0\:false\:false\:true\:false\:false
NVIC.DMA1_Stream0_IRQn=true\:0\:0\:true\:false\:true\:false\:true
NVIC.DMA1_Stream1_IRQn=true\:0\:0\:false\:false\:true\:false\:true
NVIC.DMA1_Stream2_IRQn=true\:0\:0\:false\:false\:true\:false\:true
NVIC.DebugMonitor_IRQn=true\:0\:0\:false\:false\:true\:false\:false
NVIC.ForceEnableDMAVector=true
NVIC.HardFault_IRQn=true\:0\:0\:false\:false\:true\:false\:false
NVIC.MemoryManagement_IRQn=true\:0\:0\:false\:false\:true\:false\:false
NVIC.NonMaskableInt_IRQn=true\:0\:0\:false\:false\:true\:false\:false
NVIC.OTG_HS_IRQn=true\:0\:0\:false\:false\:true\:false\:true
NVIC.PendSV_IRQn=true\:0\:0\:false\:false\:true\:false\:false
NVIC.PriorityGroup=NVIC_PRIORITYGROUP_4
NVIC.SVCall_IRQn=true\:0\:0\:false\:false\:true\:false\:false
NVIC.SysTick_IRQn=true\:15\:0\:false\:false\:true\:false\:true
NVIC.TIM2_IRQn=true\:0\:0\:false\:false\:true\:true\:true
NVIC.UsageFault_IRQn=true\:0\:0\:false\:false\:true\:false\:false
PA0.Locked=true
PA0.Mode=IN16-Single-Ended
PA0.Signal=ADC1_INP16
PA1.GPIOParameters=GPIO_Label
PA1.GPIO_Label=FAULT_LED
PA1.Locked=true
PA1.Signal=GPIO_Output
PA10.Locked=true
PA10.Signal=S_TIM1_CH3
PA11.Mode=Device_Only_FS
PA11.Signal=USB_OTG_HS_DM
PA12.Mode=Device_Only_FS
PA12.Signal=USB_OTG_HS_DP
PA13(JTMS/SWDIO).Mode=Serial_Wire
PA13(JTMS/SWDIO).Signal=DEBUG_JTMS-SWDIO
PA14(JTCK/SWCLK).Mode=Serial_Wire
PA14(JTCK/SWCLK).Signal=DEBUG_JTCK-SWCLK
PA15(JTDI).Locked=true
PA15(JTDI).Mode=NSS_Signal_Hard_Output
PA15(JTDI).Signal=SPI3_NSS
PA2.GPIOParameters=GPIO_Label
PA2.GPIO_Label=BRD_EN
PA2.Locked=true
PA2.Signal=GPIO_Output
PA3.Locked=true
PA3.Signal=ADCx_INP15
PA4.Mode=NSS_Signal_Hard_Output
PA4.Signal=SPI6_NSS
PA5.Locked=true
PA5.Mode=Full_Duplex_Master
PA5.Signal=SPI6_SCK
PA6.Locked=true
PA6.Mode=Full_Duplex_Master
PA6.Signal=SPI6_MISO
PA7.Locked=true
PA7.Mode=Full_Duplex_Master
PA7.Signal=SPI6_MOSI
PA8.Locked=true
PA8.Signal=S_TIM1_CH1
PA9.Locked=true
PA9.Signal=S_TIM1_CH2
PB0.Signal=ADCx_INP9
PB1.Locked=true
PB1.Signal=S_DATAIN1DFSDM1
PB12.Locked=true
PB12.Mode=NSS_Signal_Hard_Output
PB12.Signal=SPI2_NSS
PB13.Locked=true
PB13.Mode=Full_Duplex_Master
PB13.Signal=SPI2_SCK
PB14.Mode=Full_Duplex_Master
PB14.Signal=SPI2_MISO
PB15.Locked=true
PB15.Mode=Full_Duplex_Master
PB15.Signal=SPI2_MOSI
PB2.Locked=true
PB2.Signal=S_CKIN1DFSDM1
PC0.Signal=ADCx_INP10
PC1.Signal=ADCx_INP11
PC10.Mode=Full_Duplex_Master
PC10.Signal=SPI3_SCK
PC11.Mode=Full_Duplex_Master
PC11.Signal=SPI3_MISO
PC12.Mode=Full_Duplex_Master
PC12.Signal=SPI3_MOSI
PC2_C.Locked=true
PC2_C.Mode=IN0-Single-Ended
PC2_C.Signal=ADC3_INP0
PC3_C.Mode=IN1-Single-Ended
PC3_C.Signal=ADC3_INP1
PC4.Signal=ADCx_INP4
PC5.Signal=ADCx_INP8
PC6.Signal=S_TIM8_CH1
PC7.Signal=S_TIM8_CH2
PC8.Signal=S_TIM8_CH3
PC9.GPIOParameters=GPIO_Label
PC9.GPIO_Label=INV1_EN
PC9.Locked=true
PC9.Signal=GPIO_Output
PCC.Checker=true
PCC.Line=STM32H730 Value line
PCC.MCU=STM32H730VBTx
PCC.PartNumber=STM32H730VBTx
PCC.Seq0=4
PCC.Seq0.Step0.Average_Current=150 mA
PCC.Seq0.Step0.CPU_Frequency=550 MHz
PCC.Seq0.Step0.Category=In DS Table
PCC.Seq0.Step0.DMIPS=1177.0001
PCC.Seq0.Step0.Duration=0.1 ms
PCC.Seq0.Step0.Frequency=8 MHz
PCC.Seq0.Step0.Memory=SRAM1/FlashMode-ON/Cache
PCC.Seq0.Step0.Mode=RUN
PCC.Seq0.Step0.Oscillator=HSE BYP PLL
PCC.Seq0.Step0.Peripherals=
PCC.Seq0.Step0.SubMode1=DRUN
PCC.Seq0.Step0.SubMode2=DRUN
PCC.Seq0.Step0.SubMode3=DRUN
PCC.Seq0.Step0.TaMax=102.72
PCC.Seq0.Step0.User's_Consumption=0 mA
PCC.Seq0.Step0.Vcore=VOS0\: Scale0/Boost
PCC.Seq0.Step0.Vdd=3.3
PCC.Seq0.Step0.Voltage_Source=Battery
PCC.Seq0.Step1.Average_Current=94.5 \u00B5A
PCC.Seq0.Step1.CPU_Frequency=0 Hz
PCC.Seq0.Step1.Category=In DS Table
PCC.Seq0.Step1.DMIPS=0.0
PCC.Seq0.Step1.Duration=0.9 ms
PCC.Seq0.Step1.Frequency=0 Hz
PCC.Seq0.Step1.Memory=NA
PCC.Seq0.Step1.Mode=STOP
PCC.Seq0.Step1.Oscillator=ALL_CLOCKS_OFF
PCC.Seq0.Step1.Peripherals=
PCC.Seq0.Step1.SubMode1=DSTANDBY
PCC.Seq0.Step1.SubMode2=DSTANDBY
PCC.Seq0.Step1.SubMode3=DSTOP
PCC.Seq0.Step1.TaMax=124.99
PCC.Seq0.Step1.User's_Consumption=0 mA
PCC.Seq0.Step1.Vcore=SVOS5\: System-Scale5
PCC.Seq0.Step1.Vdd=3.0
PCC.Seq0.Step1.Voltage_Source=Battery
PCC.Seq0.Step2.Average_Current=150 mA
PCC.Seq0.Step2.CPU_Frequency=550 MHz
PCC.Seq0.Step2.Category=In DS Table
PCC.Seq0.Step2.DMIPS=1177.0
PCC.Seq0.Step2.Duration=0.1 ms
PCC.Seq0.Step2.Frequency=8 MHz
PCC.Seq0.Step2.Memory=SRAM1/FlashMode-ON/Cache
PCC.Seq0.Step2.Mode=RUN
PCC.Seq0.Step2.Oscillator=HSE BYP PLL
PCC.Seq0.Step2.Peripherals=
PCC.Seq0.Step2.SubMode1=DRUN
PCC.Seq0.Step2.SubMode2=DRUN
PCC.Seq0.Step2.SubMode3=DRUN
PCC.Seq0.Step2.TaMax=104.75
PCC.Seq0.Step2.User's_Consumption=0 mA
PCC.Seq0.Step2.Vcore=VOS0\: Scale0/Boost
PCC.Seq0.Step2.Vdd=3.0
PCC.Seq0.Step2.Voltage_Source=Battery
PCC.Seq0.Step3.Average_Current=94.5 \u00B5A
PCC.Seq0.Step3.CPU_Frequency=0 Hz
PCC.Seq0.Step3.Category=In DS Table
PCC.Seq0.Step3.DMIPS=0.0
PCC.Seq0.Step3.Duration=0.9 ms
PCC.Seq0.Step3.Frequency=0 Hz
PCC.Seq0.Step3.Memory=NA
PCC.Seq0.Step3.Mode=STOP
PCC.Seq0.Step3.Oscillator=ALL_CLOCKS_OFF
PCC.Seq0.Step3.Peripherals=
PCC.Seq0.Step3.SubMode1=DSTANDBY
PCC.Seq0.Step3.SubMode2=DSTANDBY
PCC.Seq0.Step3.SubMode3=DSTOP
PCC.Seq0.Step3.TaMax=124.99
PCC.Seq0.Step3.User's_Consumption=0 mA
PCC.Seq0.Step3.Vcore=SVOS5\: System-Scale5
PCC.Seq0.Step3.Vdd=3.0
PCC.Seq0.Step3.Voltage_Source=Battery
PCC.Series=STM32H7
PCC.Temperature=25
PCC.Vdd=3.0
PD0.Mode=FDCAN_Activate
PD0.Signal=FDCAN1_RX
PD1.Mode=FDCAN_Activate
PD1.Signal=FDCAN1_TX
PD12.Locked=true
PD12.Signal=S_TIM4_CH1
PD15.GPIOParameters=GPIO_Label
PD15.GPIO_Label=INV2_EN
PD15.Locked=true
PD15.Signal=GPIO_Output
PD2.GPIOParameters=GPIO_Label
PD2.GPIO_Label=nFault2
PD2.Locked=true
PD2.Signal=GPIO_Input
PD3.GPIOParameters=GPIO_Label
PD3.GPIO_Label=DRV2_EN
PD3.Locked=true
PD3.Signal=GPIO_Output
PD8.Locked=true
PD8.Signal=GPIO_Input
PD9.Locked=true
PD9.Signal=GPIO_Output
PE10.Locked=true
PE10.Signal=S_DATAIN4DFSDM1
PE11.Locked=true
PE11.Signal=S_CKIN4DFSDM1
PE12.Locked=true
PE12.Signal=S_DATAIN5DFSDM1
PE13.Locked=true
PE13.Signal=S_CKIN5DFSDM1
PE2.Mode=Full_Duplex_Master
PE2.Signal=SPI4_SCK
PE4.GPIOParameters=GPIO_PuPd
PE4.GPIO_PuPd=GPIO_PULLUP
PE4.Mode=NSS_Signal_Hard_Output
PE4.Signal=SPI4_NSS
PE5.Mode=Full_Duplex_Master
PE5.Signal=SPI4_MISO
PE6.Mode=Full_Duplex_Master
PE6.Signal=SPI4_MOSI
PE7.Signal=S_DATAIN2DFSDM1
PE8.Signal=S_CKIN2DFSDM1
PH0-OSC_IN.Mode=HSE-External-Clock-Source
PH0-OSC_IN.Signal=RCC_OSC_IN
PinOutPanel.RotationAngle=0
ProjectManager.AskForMigrate=true
ProjectManager.BackupPrevious=false
ProjectManager.CompilerOptimize=6
ProjectManager.ComputerToolchain=false
ProjectManager.CoupleFile=false
ProjectManager.CustomerFirmwarePackage=
ProjectManager.DefaultFWLocation=true
ProjectManager.DeletePrevious=true
ProjectManager.DeviceId=STM32H730VBTx
ProjectManager.FirmwarePackage=STM32Cube FW_H7 V1.9.0
ProjectManager.FreePins=false
ProjectManager.HalAssertFull=false
ProjectManager.HeapSize=0x200
ProjectManager.KeepUserCode=true
ProjectManager.LastFirmware=false
ProjectManager.LibraryCopy=1
ProjectManager.MainLocation=Core/Src
ProjectManager.NoMain=false
ProjectManager.PreviousToolchain=
ProjectManager.ProjectBuild=false
ProjectManager.ProjectFileName=DRV_HELL.ioc
ProjectManager.ProjectName=DRV_HELL
ProjectManager.RegisterCallBack=
ProjectManager.StackSize=0x400
ProjectManager.TargetToolchain=STM32CubeIDE
ProjectManager.ToolChainLocation=
ProjectManager.UnderRoot=true
ProjectManager.functionlistsort=1-SystemClock_Config-RCC-false-HAL-false,2-MX_GPIO_Init-GPIO-false-HAL-true,3-MX_ADC1_Init-ADC1-false-HAL-true,4-MX_ADC2_Init-ADC2-false-HAL-true,5-MX_CORDIC_Init-CORDIC-false-HAL-true,6-MX_DFSDM1_Init-DFSDM1-false-HAL-true,7-MX_FDCAN1_Init-FDCAN1-false-HAL-true,8-MX_FMAC_Init-FMAC-false-HAL-true,9-MX_SPI2_Init-SPI2-false-HAL-true,10-MX_SPI3_Init-SPI3-false-HAL-true,11-MX_SPI4_Init-SPI4-false-HAL-true,12-MX_SPI6_Init-SPI6-false-HAL-true,13-MX_TIM1_Init-TIM1-false-HAL-true,14-MX_TIM8_Init-TIM8-false-HAL-true,15-MX_ADC3_Init-ADC3-false-HAL-true,16-MX_DMA_Init-DMA-false-HAL-true,17-MX_USB_DEVICE_Init-USB_DEVICE-false-HAL-false,18-MX_TIM4_Init-TIM4-false-HAL-true,19-MX_TIM2_Init-TIM2-false-HAL-true,0-MX_CORTEX_M7_Init-CORTEX_M7-false-HAL-true,0-MX_VREFBUF_Init-VREFBUF-false-HAL-true
RCC.ADCCLockSelection=RCC_ADCCLKSOURCE_CLKP
RCC.ADCFreq_Value=4000000
RCC.AHB12Freq_Value=271863900
RCC.AHB4Freq_Value=271863900
RCC.APB1Freq_Value=135931950
RCC.APB2Freq_Value=135931950
RCC.APB3Freq_Value=135931950
RCC.APB4Freq_Value=135931950
RCC.AXIClockFreq_Value=271863900
RCC.CECFreq_Value=32000
RCC.CKPERFreq_Value=4000000
RCC.CKPERSourceSelection=RCC_CLKPSOURCE_CSI
RCC.CortexFreq_Value=543727800
RCC.CpuClockFreq_Value=543727800
RCC.D1CPREFreq_Value=543727800
RCC.D1PPRE=RCC_APB3_DIV2
RCC.D2PPRE1=RCC_APB1_DIV2
RCC.D2PPRE2=RCC_APB2_DIV2
RCC.D3PPRE=RCC_APB4_DIV2
RCC.DFSDMACLkFreq_Value=54372780
RCC.DFSDMFreq_Value=135931950
RCC.DIVM1=3
RCC.DIVM2=4
RCC.DIVM3=1
RCC.DIVN1=73
RCC.DIVN2=17
RCC.DIVN3=6
RCC.DIVP1=1
RCC.DIVP1Freq_Value=543727800
RCC.DIVP2=1
RCC.DIVP2Freq_Value=97175025
RCC.DIVP3=1
RCC.DIVP3Freq_Value=132710400
RCC.DIVQ1=10
RCC.DIVQ1Freq_Value=54372780
RCC.DIVQ2=1
RCC.DIVQ2Freq_Value=97175025
RCC.DIVQ3=1
RCC.DIVQ3Freq_Value=132710400
RCC.DIVR1=10
RCC.DIVR1Freq_Value=54372780
RCC.DIVR2Freq_Value=48587512.5
RCC.DIVR3=1
RCC.DIVR3Freq_Value=132710400
RCC.FDCANCLockSelection=RCC_FDCANCLKSOURCE_HSE
RCC.FDCANFreq_Value=22118400
RCC.FMCFreq_Value=271863900
RCC.FamilyName=M
RCC.HCLK3ClockFreq_Value=271863900
RCC.HCLKFreq_Value=271863900
RCC.HPRE=RCC_HCLK_DIV2
RCC.HSE_Timout=1000
RCC.HSE_VALUE=22118400
RCC.HSICalibrationValue=8
RCC.HSIDiv=RCC_PLLSAIDIVR_8
RCC.I2C123Freq_Value=135931950
RCC.I2C4Freq_Value=135931950
RCC.IPParameters=ADCCLockSelection,ADCFreq_Value,AHB12Freq_Value,AHB4Freq_Value,APB1Freq_Value,APB2Freq_Value,APB3Freq_Value,APB4Freq_Value,AXIClockFreq_Value,CECFreq_Value,CKPERFreq_Value,CKPERSourceSelection,CortexFreq_Value,CpuClockFreq_Value,D1CPREFreq_Value,D1PPRE,D2PPRE1,D2PPRE2,D3PPRE,DFSDMACLkFreq_Value,DFSDMFreq_Value,DIVM1,DIVM2,DIVM3,DIVN1,DIVN2,DIVN3,DIVP1,DIVP1Freq_Value,DIVP2,DIVP2Freq_Value,DIVP3,DIVP3Freq_Value,DIVQ1,DIVQ1Freq_Value,DIVQ2,DIVQ2Freq_Value,DIVQ3,DIVQ3Freq_Value,DIVR1,DIVR1Freq_Value,DIVR2Freq_Value,DIVR3,DIVR3Freq_Value,FDCANCLockSelection,FDCANFreq_Value,FMCFreq_Value,FamilyName,HCLK3ClockFreq_Value,HCLKFreq_Value,HPRE,HSE_Timout,HSE_VALUE,HSICalibrationValue,HSIDiv,I2C123Freq_Value,I2C4Freq_Value,LPTIM1Freq_Value,LPTIM2Freq_Value,LPTIM345Freq_Value,LPUART1Freq_Value,LTDCFreq_Value,MCO1PinFreq_Value,MCO2PinFreq_Value,PLL2FRACN,PLL3FRACN,PLLFRACN,PLLSourceVirtual,QSPIFreq_Value,RNGFreq_Value,RTCFreq_Value,SAI1Freq_Value,SAI4AFreq_Value,SAI4BFreq_Value,SDMMCFreq_Value,SPDIFRXFreq_Value,SPI123CLockSelection,SPI123Freq_Value,SPI45Freq_Value,SPI6CLockSelection,SPI6Freq_Value,SWPMI1Freq_Value,SYSCLKFreq_VALUE,SYSCLKSource,Spi45ClockSelection,SupplySource,Tim1OutputFreq_Value,Tim2OutputFreq_Value,TraceFreq_Value,USART16Freq_Value,USART234578Freq_Value,USBCLockSelection,USBFreq_Value,VCO1OutputFreq_Value,VCO2OutputFreq_Value,VCO3OutputFreq_Value,VCOInput1Freq_Value,VCOInput2Freq_Value,VCOInput3Freq_Value
RCC.LPTIM1Freq_Value=135931950
RCC.LPTIM2Freq_Value=135931950
RCC.LPTIM345Freq_Value=135931950
RCC.LPUART1Freq_Value=135931950
RCC.LTDCFreq_Value=132710400
RCC.MCO1PinFreq_Value=8000000
RCC.MCO2PinFreq_Value=543727800
RCC.PLL2FRACN=4699
RCC.PLL3FRACN=0
RCC.PLLFRACN=6126
RCC.PLLSourceVirtual=RCC_PLLSOURCE_HSE
RCC.QSPIFreq_Value=271863900
RCC.RNGFreq_Value=48000000
RCC.RTCFreq_Value=32000
RCC.SAI1Freq_Value=54372780
RCC.SAI4AFreq_Value=54372780
RCC.SAI4BFreq_Value=54372780
RCC.SDMMCFreq_Value=54372780
RCC.SPDIFRXFreq_Value=54372780
RCC.SPI123CLockSelection=RCC_SPI123CLKSOURCE_CLKP
RCC.SPI123Freq_Value=4000000
RCC.SPI45Freq_Value=4000000
RCC.SPI6CLockSelection=RCC_SPI6CLKSOURCE_CSI
RCC.SPI6Freq_Value=4000000
RCC.SWPMI1Freq_Value=135931950
RCC.SYSCLKFreq_VALUE=543727800
RCC.SYSCLKSource=RCC_SYSCLKSOURCE_PLLCLK
RCC.Spi45ClockSelection=RCC_SPI45CLKSOURCE_CSI
RCC.SupplySource=PWR_LDO_SUPPLY
RCC.Tim1OutputFreq_Value=271863900
RCC.Tim2OutputFreq_Value=271863900
RCC.TraceFreq_Value=54372780
RCC.USART16Freq_Value=135931950
RCC.USART234578Freq_Value=135931950
RCC.USBCLockSelection=RCC_USBCLKSOURCE_HSI48
RCC.USBFreq_Value=48000000
RCC.VCO1OutputFreq_Value=543727800
RCC.VCO2OutputFreq_Value=97175025
RCC.VCO3OutputFreq_Value=132710400
RCC.VCOInput1Freq_Value=7372800
RCC.VCOInput2Freq_Value=5529600
RCC.VCOInput3Freq_Value=22118400
SH.ADCx_INP10.0=ADC2_INP10,IN10-Single-Ended
SH.ADCx_INP10.ConfNb=1
SH.ADCx_INP11.0=ADC2_INP11,IN11-Single-Ended
SH.ADCx_INP11.ConfNb=1
SH.ADCx_INP15.0=ADC2_INP15,IN15-Single-Ended
SH.ADCx_INP15.ConfNb=1
SH.ADCx_INP4.0=ADC1_INP4,IN4-Single-Ended
SH.ADCx_INP4.ConfNb=1
SH.ADCx_INP8.0=ADC1_INP8,IN8-Single-Ended
SH.ADCx_INP8.ConfNb=1
SH.ADCx_INP9.0=ADC1_INP9,IN9-Single-Ended
SH.ADCx_INP9.ConfNb=1
SH.S_CKIN1DFSDM1.0=DFSDM1_CKIN1,PDM_SPI_input_from_ch1_and_external_clock
SH.S_CKIN1DFSDM1.ConfNb=1
SH.S_CKIN2DFSDM1.0=DFSDM1_CKIN2,PDM_SPI_input_from_ch2_and_external_clock
SH.S_CKIN2DFSDM1.ConfNb=1
SH.S_CKIN4DFSDM1.0=DFSDM1_CKIN4,PDM_SPI_input_from_ch4_and_external_clock
SH.S_CKIN4DFSDM1.ConfNb=1
SH.S_CKIN5DFSDM1.0=DFSDM1_CKIN5,PDM_SPI_input_from_ch5_and_external_clock
SH.S_CKIN5DFSDM1.ConfNb=1
SH.S_DATAIN1DFSDM1.0=DFSDM1_DATIN1,PDM_SPI_input_from_ch1_and_external_clock
SH.S_DATAIN1DFSDM1.ConfNb=1
SH.S_DATAIN2DFSDM1.0=DFSDM1_DATIN2,PDM_SPI_input_from_ch2_and_external_clock
SH.S_DATAIN2DFSDM1.ConfNb=1
SH.S_DATAIN4DFSDM1.0=DFSDM1_DATIN4,PDM_SPI_input_from_ch4_and_external_clock
SH.S_DATAIN4DFSDM1.ConfNb=1
SH.S_DATAIN5DFSDM1.0=DFSDM1_DATIN5,PDM_SPI_input_from_ch5_and_external_clock
SH.S_DATAIN5DFSDM1.ConfNb=1
SH.S_TIM1_CH1.0=TIM1_CH1,PWM Generation1 CH1
SH.S_TIM1_CH1.ConfNb=1
SH.S_TIM1_CH2.0=TIM1_CH2,PWM Generation2 CH2
SH.S_TIM1_CH2.ConfNb=1
SH.S_TIM1_CH3.0=TIM1_CH3,PWM Generation3 CH3
SH.S_TIM1_CH3.ConfNb=1
SH.S_TIM4_CH1.0=TIM4_CH1,PWM Generation1 CH1
SH.S_TIM4_CH1.ConfNb=1
SH.S_TIM8_CH1.0=TIM8_CH1,PWM Generation1 CH1
SH.S_TIM8_CH1.ConfNb=1
SH.S_TIM8_CH2.0=TIM8_CH2,PWM Generation2 CH2
SH.S_TIM8_CH2.ConfNb=1
SH.S_TIM8_CH3.0=TIM8_CH3,Output Compare3 CH3
SH.S_TIM8_CH3.ConfNb=1
SPI2.BaudRatePrescaler=SPI_BAUDRATEPRESCALER_8
SPI2.CalculateBaudRate=500.0 KBits/s
SPI2.DataSize=SPI_DATASIZE_16BIT
SPI2.Direction=SPI_DIRECTION_2LINES
SPI2.IPParameters=VirtualType,Mode,Direction,CalculateBaudRate,VirtualNSS,BaudRatePrescaler,DataSize
SPI2.Mode=SPI_MODE_MASTER
SPI2.VirtualNSS=VM_NSSHARD
SPI2.VirtualType=VM_MASTER
SPI3.BaudRatePrescaler=SPI_BAUDRATEPRESCALER_8
SPI3.CalculateBaudRate=500.0 KBits/s
SPI3.DataSize=SPI_DATASIZE_16BIT
SPI3.Direction=SPI_DIRECTION_2LINES
SPI3.IPParameters=VirtualType,Mode,Direction,CalculateBaudRate,VirtualNSS,BaudRatePrescaler,DataSize
SPI3.Mode=SPI_MODE_MASTER
SPI3.VirtualNSS=VM_NSSHARD
SPI3.VirtualType=VM_MASTER
SPI4.BaudRatePrescaler=SPI_BAUDRATEPRESCALER_4
SPI4.CLKPhase=SPI_PHASE_2EDGE
SPI4.CLKPolarity=SPI_POLARITY_HIGH
SPI4.CalculateBaudRate=1000.0 KBits/s
SPI4.DataSize=SPI_DATASIZE_16BIT
SPI4.Direction=SPI_DIRECTION_2LINES
SPI4.IOSwap=SPI_IO_SWAP_DISABLE
SPI4.IPParameters=VirtualType,Mode,Direction,CalculateBaudRate,VirtualNSS,BaudRatePrescaler,DataSize,CLKPolarity,CLKPhase,NSSPMode,MasterKeepIOState,IOSwap
SPI4.MasterKeepIOState=SPI_MASTER_KEEP_IO_STATE_ENABLE
SPI4.Mode=SPI_MODE_MASTER
SPI4.NSSPMode=SPI_NSS_PULSE_DISABLE
SPI4.VirtualNSS=VM_NSSHARD
SPI4.VirtualType=VM_MASTER
SPI6.BaudRatePrescaler=SPI_BAUDRATEPRESCALER_4
SPI6.CLKPhase=SPI_PHASE_2EDGE
SPI6.CLKPolarity=SPI_POLARITY_HIGH
SPI6.CalculateBaudRate=1000.0 KBits/s
SPI6.DataSize=SPI_DATASIZE_16BIT
SPI6.Direction=SPI_DIRECTION_2LINES
SPI6.IPParameters=VirtualType,Mode,Direction,CalculateBaudRate,VirtualNSS,BaudRatePrescaler,DataSize,CLKPolarity,CLKPhase,NSSPMode
SPI6.Mode=SPI_MODE_MASTER
SPI6.NSSPMode=SPI_NSS_PULSE_DISABLE
SPI6.VirtualNSS=VM_NSSHARD
SPI6.VirtualType=VM_MASTER
TIM1.Channel-PWM\ Generation1\ CH1=TIM_CHANNEL_1
TIM1.Channel-PWM\ Generation2\ CH2=TIM_CHANNEL_2
TIM1.Channel-PWM\ Generation3\ CH3=TIM_CHANNEL_3
TIM1.IPParameters=Channel-PWM Generation2 CH2,Channel-PWM Generation1 CH1,Channel-PWM Generation3 CH3
TIM2.IPParameters=Period,TIM_MasterOutputTrigger
TIM2.Period=655350
TIM2.TIM_MasterOutputTrigger=TIM_TRGO_RESET
TIM4.Channel-PWM\ Generation1\ CH1=TIM_CHANNEL_1
TIM4.IPParameters=Prescaler,Period,Channel-PWM Generation1 CH1
TIM4.Period=20000
TIM4.Prescaler=27500
TIM8.Channel-Output\ Compare3\ CH3=TIM_CHANNEL_3
TIM8.Channel-PWM\ Generation1\ CH1=TIM_CHANNEL_1
TIM8.Channel-PWM\ Generation2\ CH2=TIM_CHANNEL_2
TIM8.IPParameters=Channel-PWM Generation1 CH1,Channel-PWM Generation2 CH2,Channel-Output Compare3 CH3
USB_DEVICE.CLASS_NAME_HS=CDC
USB_DEVICE.IPParameters=VirtualMode,VirtualModeHS,CLASS_NAME_HS,USBD_DEBUG_LEVEL
USB_DEVICE.USBD_DEBUG_LEVEL=3
USB_DEVICE.VirtualMode=Cdc
USB_DEVICE.VirtualModeHS=Cdc_HS
USB_OTG_HS.IPParameters=VirtualMode-Device_Only_FS
USB_OTG_HS.VirtualMode-Device_Only_FS=Device_Only_FS
VP_CORDIC_VS_CORDIC.Mode=CORDIC_Activate
VP_CORDIC_VS_CORDIC.Signal=CORDIC_VS_CORDIC
VP_FMAC_VS_FMAC.Mode=FMAC_Activate
VP_FMAC_VS_FMAC.Signal=FMAC_VS_FMAC
VP_SYS_VS_Systick.Mode=SysTick
VP_SYS_VS_Systick.Signal=SYS_VS_Systick
VP_TIM1_VS_ClockSourceINT.Mode=Internal
VP_TIM1_VS_ClockSourceINT.Signal=TIM1_VS_ClockSourceINT
VP_TIM2_VS_ClockSourceINT.Mode=Internal
VP_TIM2_VS_ClockSourceINT.Signal=TIM2_VS_ClockSourceINT
VP_TIM4_VS_ClockSourceINT.Mode=Internal
VP_TIM4_VS_ClockSourceINT.Signal=TIM4_VS_ClockSourceINT
VP_TIM8_VS_ClockSourceINT.Mode=Internal
VP_TIM8_VS_ClockSourceINT.Signal=TIM8_VS_ClockSourceINT
VP_USB_DEVICE_VS_USB_DEVICE_CDC_HS.Mode=CDC_HS
VP_USB_DEVICE_VS_USB_DEVICE_CDC_HS.Signal=USB_DEVICE_VS_USB_DEVICE_CDC_HS
VP_VREFBUF_V_VREFBUF.Mode=VREFBUFOFFMode
VP_VREFBUF_V_VREFBUF.Signal=VREFBUF_V_VREFBUF
board=custom
isbadioc=false
